
Microsoft Visual Studio Solution File, Format Version 12.00
# Visual Studio 15
VisualStudioVersion = 15.0.27004.2006
MinimumVisualStudioVersion = 10.0.40219.1
Project("{FAE04EC0-301F-11D3-BF4B-00C04F79EFBC}") = "LinQ.Android", "LinQ\LinQ.Android\LinQ.Android.csproj", "{707E08CC-3F56-4CE6-A42F-37492FADA327}"
EndProject
Project("{FAE04EC0-301F-11D3-BF4B-00C04F79EFBC}") = "LinQ", "LinQ\LinQ\LinQ.csproj", "{DC6911EB-D38C-4186-95CA-65CC48D0FBC4}"
EndProject
Project("{FAE04EC0-301F-11D3-BF4B-00C04F79EFBC}") = "LinQ.UWP", "LinQ\LinQ.UWP\LinQ.UWP.csproj", "{B5679C45-AA75-4C9C-B702-7760715264C5}"
EndProject
Project("{FAE04EC0-301F-11D3-BF4B-00C04F79EFBC}") = "LinQ.iOS", "LinQ\LinQ.iOS\LinQ.iOS.csproj", "{087CBA4A-62B8-4849-B13F-E44108EE6886}"
EndProject
Global
	GlobalSection(SolutionConfigurationPlatforms) = preSolution
		Ad-Hoc|Any CPU = Ad-Hoc|Any CPU
		Ad-Hoc|ARM = Ad-Hoc|ARM
		Ad-Hoc|iPhone = Ad-Hoc|iPhone
		Ad-Hoc|iPhoneSimulator = Ad-Hoc|iPhoneSimulator
		Ad-Hoc|x64 = Ad-Hoc|x64
		Ad-Hoc|x86 = Ad-Hoc|x86
		AppStore|Any CPU = AppStore|Any CPU
		AppStore|ARM = AppStore|ARM
		AppStore|iPhone = AppStore|iPhone
		AppStore|iPhoneSimulator = AppStore|iPhoneSimulator
		AppStore|x64 = AppStore|x64
		AppStore|x86 = AppStore|x86
		Debug|Any CPU = Debug|Any CPU
		Debug|ARM = Debug|ARM
		Debug|iPhone = Debug|iPhone
		Debug|iPhoneSimulator = Debug|iPhoneSimulator
		Debug|x64 = Debug|x64
		Debug|x86 = Debug|x86
		Release|Any CPU = Release|Any CPU
		Release|ARM = Release|ARM
		Release|iPhone = Release|iPhone
		Release|iPhoneSimulator = Release|iPhoneSimulator
		Release|x64 = Release|x64
		Release|x86 = Release|x86
	EndGlobalSection
	GlobalSection(ProjectConfigurationPlatforms) = postSolution
		{707E08CC-3F56-4CE6-A42F-37492FADA327}.Ad-Hoc|Any CPU.ActiveCfg = Release|Any CPU
		{707E08CC-3F56-4CE6-A42F-37492FADA327}.Ad-Hoc|Any CPU.Build.0 = Release|Any CPU
		{707E08CC-3F56-4CE6-A42F-37492FADA327}.Ad-Hoc|Any CPU.Deploy.0 = Release|Any CPU
		{707E08CC-3F56-4CE6-A42F-37492FADA327}.Ad-Hoc|ARM.ActiveCfg = Release|Any CPU
		{707E08CC-3F56-4CE6-A42F-37492FADA327}.Ad-Hoc|ARM.Build.0 = Release|Any CPU
		{707E08CC-3F56-4CE6-A42F-37492FADA327}.Ad-Hoc|ARM.Deploy.0 = Release|Any CPU
		{707E08CC-3F56-4CE6-A42F-37492FADA327}.Ad-Hoc|iPhone.ActiveCfg = Release|Any CPU
		{707E08CC-3F56-4CE6-A42F-37492FADA327}.Ad-Hoc|iPhone.Build.0 = Release|Any CPU
		{707E08CC-3F56-4CE6-A42F-37492FADA327}.Ad-Hoc|iPhone.Deploy.0 = Release|Any CPU
		{707E08CC-3F56-4CE6-A42F-37492FADA327}.Ad-Hoc|iPhoneSimulator.ActiveCfg = Release|Any CPU
		{707E08CC-3F56-4CE6-A42F-37492FADA327}.Ad-Hoc|iPhoneSimulator.Build.0 = Release|Any CPU
		{707E08CC-3F56-4CE6-A42F-37492FADA327}.Ad-Hoc|iPhoneSimulator.Deploy.0 = Release|Any CPU
		{707E08CC-3F56-4CE6-A42F-37492FADA327}.Ad-Hoc|x64.ActiveCfg = Release|Any CPU
		{707E08CC-3F56-4CE6-A42F-37492FADA327}.Ad-Hoc|x64.Build.0 = Release|Any CPU
		{707E08CC-3F56-4CE6-A42F-37492FADA327}.Ad-Hoc|x64.Deploy.0 = Release|Any CPU
		{707E08CC-3F56-4CE6-A42F-37492FADA327}.Ad-Hoc|x86.ActiveCfg = Release|Any CPU
		{707E08CC-3F56-4CE6-A42F-37492FADA327}.Ad-Hoc|x86.Build.0 = Release|Any CPU
		{707E08CC-3F56-4CE6-A42F-37492FADA327}.Ad-Hoc|x86.Deploy.0 = Release|Any CPU
		{707E08CC-3F56-4CE6-A42F-37492FADA327}.AppStore|Any CPU.ActiveCfg = Release|Any CPU
		{707E08CC-3F56-4CE6-A42F-37492FADA327}.AppStore|Any CPU.Build.0 = Release|Any CPU
		{707E08CC-3F56-4CE6-A42F-37492FADA327}.AppStore|Any CPU.Deploy.0 = Release|Any CPU
		{707E08CC-3F56-4CE6-A42F-37492FADA327}.AppStore|ARM.ActiveCfg = Release|Any CPU
		{707E08CC-3F56-4CE6-A42F-37492FADA327}.AppStore|ARM.Build.0 = Release|Any CPU
		{707E08CC-3F56-4CE6-A42F-37492FADA327}.AppStore|ARM.Deploy.0 = Release|Any CPU
		{707E08CC-3F56-4CE6-A42F-37492FADA327}.AppStore|iPhone.ActiveCfg = Release|Any CPU
		{707E08CC-3F56-4CE6-A42F-37492FADA327}.AppStore|iPhone.Build.0 = Release|Any CPU
		{707E08CC-3F56-4CE6-A42F-37492FADA327}.AppStore|iPhone.Deploy.0 = Release|Any CPU
		{707E08CC-3F56-4CE6-A42F-37492FADA327}.AppStore|iPhoneSimulator.ActiveCfg = Release|Any CPU
		{707E08CC-3F56-4CE6-A42F-37492FADA327}.AppStore|iPhoneSimulator.Build.0 = Release|Any CPU
		{707E08CC-3F56-4CE6-A42F-37492FADA327}.AppStore|iPhoneSimulator.Deploy.0 = Release|Any CPU
		{707E08CC-3F56-4CE6-A42F-37492FADA327}.AppStore|x64.ActiveCfg = Release|Any CPU
		{707E08CC-3F56-4CE6-A42F-37492FADA327}.AppStore|x64.Build.0 = Release|Any CPU
		{707E08CC-3F56-4CE6-A42F-37492FADA327}.AppStore|x64.Deploy.0 = Release|Any CPU
		{707E08CC-3F56-4CE6-A42F-37492FADA327}.AppStore|x86.ActiveCfg = Release|Any CPU
		{707E08CC-3F56-4CE6-A42F-37492FADA327}.AppStore|x86.Build.0 = Release|Any CPU
		{707E08CC-3F56-4CE6-A42F-37492FADA327}.AppStore|x86.Deploy.0 = Release|Any CPU
		{707E08CC-3F56-4CE6-A42F-37492FADA327}.Debug|Any CPU.ActiveCfg = Debug|Any CPU
		{707E08CC-3F56-4CE6-A42F-37492FADA327}.Debug|Any CPU.Build.0 = Debug|Any CPU
		{707E08CC-3F56-4CE6-A42F-37492FADA327}.Debug|Any CPU.Deploy.0 = Debug|Any CPU
		{707E08CC-3F56-4CE6-A42F-37492FADA327}.Debug|ARM.ActiveCfg = Debug|Any CPU
		{707E08CC-3F56-4CE6-A42F-37492FADA327}.Debug|ARM.Build.0 = Debug|Any CPU
		{707E08CC-3F56-4CE6-A42F-37492FADA327}.Debug|ARM.Deploy.0 = Debug|Any CPU
		{707E08CC-3F56-4CE6-A42F-37492FADA327}.Debug|iPhone.ActiveCfg = Debug|Any CPU
		{707E08CC-3F56-4CE6-A42F-37492FADA327}.Debug|iPhone.Build.0 = Debug|Any CPU
		{707E08CC-3F56-4CE6-A42F-37492FADA327}.Debug|iPhone.Deploy.0 = Debug|Any CPU
		{707E08CC-3F56-4CE6-A42F-37492FADA327}.Debug|iPhoneSimulator.ActiveCfg = Debug|Any CPU
		{707E08CC-3F56-4CE6-A42F-37492FADA327}.Debug|iPhoneSimulator.Build.0 = Debug|Any CPU
		{707E08CC-3F56-4CE6-A42F-37492FADA327}.Debug|iPhoneSimulator.Deploy.0 = Debug|Any CPU
		{707E08CC-3F56-4CE6-A42F-37492FADA327}.Debug|x64.ActiveCfg = Debug|Any CPU
		{707E08CC-3F56-4CE6-A42F-37492FADA327}.Debug|x64.Build.0 = Debug|Any CPU
		{707E08CC-3F56-4CE6-A42F-37492FADA327}.Debug|x64.Deploy.0 = Debug|Any CPU
		{707E08CC-3F56-4CE6-A42F-37492FADA327}.Debug|x86.ActiveCfg = Debug|Any CPU
		{707E08CC-3F56-4CE6-A42F-37492FADA327}.Debug|x86.Build.0 = Debug|Any CPU
		{707E08CC-3F56-4CE6-A42F-37492FADA327}.Debug|x86.Deploy.0 = Debug|Any CPU
		{707E08CC-3F56-4CE6-A42F-37492FADA327}.Release|Any CPU.ActiveCfg = Release|Any CPU
		{707E08CC-3F56-4CE6-A42F-37492FADA327}.Release|Any CPU.Build.0 = Release|Any CPU
		{707E08CC-3F56-4CE6-A42F-37492FADA327}.Release|Any CPU.Deploy.0 = Release|Any CPU
		{707E08CC-3F56-4CE6-A42F-37492FADA327}.Release|ARM.ActiveCfg = Release|Any CPU
		{707E08CC-3F56-4CE6-A42F-37492FADA327}.Release|ARM.Build.0 = Release|Any CPU
		{707E08CC-3F56-4CE6-A42F-37492FADA327}.Release|ARM.Deploy.0 = Release|Any CPU
		{707E08CC-3F56-4CE6-A42F-37492FADA327}.Release|iPhone.ActiveCfg = Release|Any CPU
		{707E08CC-3F56-4CE6-A42F-37492FADA327}.Release|iPhone.Build.0 = Release|Any CPU
		{707E08CC-3F56-4CE6-A42F-37492FADA327}.Release|iPhone.Deploy.0 = Release|Any CPU
		{707E08CC-3F56-4CE6-A42F-37492FADA327}.Release|iPhoneSimulator.ActiveCfg = Release|Any CPU
		{707E08CC-3F56-4CE6-A42F-37492FADA327}.Release|iPhoneSimulator.Build.0 = Release|Any CPU
		{707E08CC-3F56-4CE6-A42F-37492FADA327}.Release|iPhoneSimulator.Deploy.0 = Release|Any CPU
		{707E08CC-3F56-4CE6-A42F-37492FADA327}.Release|x64.ActiveCfg = Release|Any CPU
		{707E08CC-3F56-4CE6-A42F-37492FADA327}.Release|x64.Build.0 = Release|Any CPU
		{707E08CC-3F56-4CE6-A42F-37492FADA327}.Release|x64.Deploy.0 = Release|Any CPU
		{707E08CC-3F56-4CE6-A42F-37492FADA327}.Release|x86.ActiveCfg = Release|Any CPU
		{707E08CC-3F56-4CE6-A42F-37492FADA327}.Release|x86.Build.0 = Release|Any CPU
		{707E08CC-3F56-4CE6-A42F-37492FADA327}.Release|x86.Deploy.0 = Release|Any CPU
		{DC6911EB-D38C-4186-95CA-65CC48D0FBC4}.Ad-Hoc|Any CPU.ActiveCfg = Release|Any CPU
		{DC6911EB-D38C-4186-95CA-65CC48D0FBC4}.Ad-Hoc|Any CPU.Build.0 = Release|Any CPU
		{DC6911EB-D38C-4186-95CA-65CC48D0FBC4}.Ad-Hoc|ARM.ActiveCfg = Release|Any CPU
		{DC6911EB-D38C-4186-95CA-65CC48D0FBC4}.Ad-Hoc|ARM.Build.0 = Release|Any CPU
		{DC6911EB-D38C-4186-95CA-65CC48D0FBC4}.Ad-Hoc|iPhone.ActiveCfg = Release|Any CPU
		{DC6911EB-D38C-4186-95CA-65CC48D0FBC4}.Ad-Hoc|iPhone.Build.0 = Release|Any CPU
		{DC6911EB-D38C-4186-95CA-65CC48D0FBC4}.Ad-Hoc|iPhoneSimulator.ActiveCfg = Release|Any CPU
		{DC6911EB-D38C-4186-95CA-65CC48D0FBC4}.Ad-Hoc|iPhoneSimulator.Build.0 = Release|Any CPU
		{DC6911EB-D38C-4186-95CA-65CC48D0FBC4}.Ad-Hoc|x64.ActiveCfg = Release|Any CPU
		{DC6911EB-D38C-4186-95CA-65CC48D0FBC4}.Ad-Hoc|x64.Build.0 = Release|Any CPU
		{DC6911EB-D38C-4186-95CA-65CC48D0FBC4}.Ad-Hoc|x86.ActiveCfg = Release|Any CPU
		{DC6911EB-D38C-4186-95CA-65CC48D0FBC4}.Ad-Hoc|x86.Build.0 = Release|Any CPU
		{DC6911EB-D38C-4186-95CA-65CC48D0FBC4}.AppStore|Any CPU.ActiveCfg = Release|Any CPU
		{DC6911EB-D38C-4186-95CA-65CC48D0FBC4}.AppStore|Any CPU.Build.0 = Release|Any CPU
		{DC6911EB-D38C-4186-95CA-65CC48D0FBC4}.AppStore|ARM.ActiveCfg = Release|Any CPU
		{DC6911EB-D38C-4186-95CA-65CC48D0FBC4}.AppStore|ARM.Build.0 = Release|Any CPU
		{DC6911EB-D38C-4186-95CA-65CC48D0FBC4}.AppStore|iPhone.ActiveCfg = Release|Any CPU
		{DC6911EB-D38C-4186-95CA-65CC48D0FBC4}.AppStore|iPhone.Build.0 = Release|Any CPU
		{DC6911EB-D38C-4186-95CA-65CC48D0FBC4}.AppStore|iPhoneSimulator.ActiveCfg = Release|Any CPU
		{DC6911EB-D38C-4186-95CA-65CC48D0FBC4}.AppStore|iPhoneSimulator.Build.0 = Release|Any CPU
		{DC6911EB-D38C-4186-95CA-65CC48D0FBC4}.AppStore|x64.ActiveCfg = Release|Any CPU
		{DC6911EB-D38C-4186-95CA-65CC48D0FBC4}.AppStore|x64.Build.0 = Release|Any CPU
		{DC6911EB-D38C-4186-95CA-65CC48D0FBC4}.AppStore|x86.ActiveCfg = Release|Any CPU
		{DC6911EB-D38C-4186-95CA-65CC48D0FBC4}.AppStore|x86.Build.0 = Release|Any CPU
		{DC6911EB-D38C-4186-95CA-65CC48D0FBC4}.Debug|Any CPU.ActiveCfg = Debug|Any CPU
		{DC6911EB-D38C-4186-95CA-65CC48D0FBC4}.Debug|Any CPU.Build.0 = Debug|Any CPU
		{DC6911EB-D38C-4186-95CA-65CC48D0FBC4}.Debug|ARM.ActiveCfg = Debug|Any CPU
		{DC6911EB-D38C-4186-95CA-65CC48D0FBC4}.Debug|ARM.Build.0 = Debug|Any CPU
		{DC6911EB-D38C-4186-95CA-65CC48D0FBC4}.Debug|iPhone.ActiveCfg = Debug|Any CPU
		{DC6911EB-D38C-4186-95CA-65CC48D0FBC4}.Debug|iPhone.Build.0 = Debug|Any CPU
		{DC6911EB-D38C-4186-95CA-65CC48D0FBC4}.Debug|iPhoneSimulator.ActiveCfg = Debug|Any CPU
		{DC6911EB-D38C-4186-95CA-65CC48D0FBC4}.Debug|iPhoneSimulator.Build.0 = Debug|Any CPU
		{DC6911EB-D38C-4186-95CA-65CC48D0FBC4}.Debug|x64.ActiveCfg = Debug|Any CPU
		{DC6911EB-D38C-4186-95CA-65CC48D0FBC4}.Debug|x64.Build.0 = Debug|Any CPU
		{DC6911EB-D38C-4186-95CA-65CC48D0FBC4}.Debug|x86.ActiveCfg = Debug|Any CPU
		{DC6911EB-D38C-4186-95CA-65CC48D0FBC4}.Debug|x86.Build.0 = Debug|Any CPU
		{DC6911EB-D38C-4186-95CA-65CC48D0FBC4}.Release|Any CPU.ActiveCfg = Release|Any CPU
		{DC6911EB-D38C-4186-95CA-65CC48D0FBC4}.Release|Any CPU.Build.0 = Release|Any CPU
		{DC6911EB-D38C-4186-95CA-65CC48D0FBC4}.Release|ARM.ActiveCfg = Release|Any CPU
		{DC6911EB-D38C-4186-95CA-65CC48D0FBC4}.Release|ARM.Build.0 = Release|Any CPU
		{DC6911EB-D38C-4186-95CA-65CC48D0FBC4}.Release|iPhone.ActiveCfg = Release|Any CPU
		{DC6911EB-D38C-4186-95CA-65CC48D0FBC4}.Release|iPhone.Build.0 = Release|Any CPU
		{DC6911EB-D38C-4186-95CA-65CC48D0FBC4}.Release|iPhoneSimulator.ActiveCfg = Release|Any CPU
		{DC6911EB-D38C-4186-95CA-65CC48D0FBC4}.Release|iPhoneSimulator.Build.0 = Release|Any CPU
		{DC6911EB-D38C-4186-95CA-65CC48D0FBC4}.Release|x64.ActiveCfg = Release|Any CPU
		{DC6911EB-D38C-4186-95CA-65CC48D0FBC4}.Release|x64.Build.0 = Release|Any CPU
		{DC6911EB-D38C-4186-95CA-65CC48D0FBC4}.Release|x86.ActiveCfg = Release|Any CPU
		{DC6911EB-D38C-4186-95CA-65CC48D0FBC4}.Release|x86.Build.0 = Release|Any CPU
		{B5679C45-AA75-4C9C-B702-7760715264C5}.Ad-Hoc|Any CPU.ActiveCfg = Release|x86
		{B5679C45-AA75-4C9C-B702-7760715264C5}.Ad-Hoc|Any CPU.Build.0 = Release|x86
		{B5679C45-AA75-4C9C-B702-7760715264C5}.Ad-Hoc|Any CPU.Deploy.0 = Release|x86
		{B5679C45-AA75-4C9C-B702-7760715264C5}.Ad-Hoc|ARM.ActiveCfg = Release|ARM
		{B5679C45-AA75-4C9C-B702-7760715264C5}.Ad-Hoc|ARM.Build.0 = Release|ARM
		{B5679C45-AA75-4C9C-B702-7760715264C5}.Ad-Hoc|ARM.Deploy.0 = Release|ARM
		{B5679C45-AA75-4C9C-B702-7760715264C5}.Ad-Hoc|iPhone.ActiveCfg = Release|x86
		{B5679C45-AA75-4C9C-B702-7760715264C5}.Ad-Hoc|iPhone.Build.0 = Release|x86
		{B5679C45-AA75-4C9C-B702-7760715264C5}.Ad-Hoc|iPhone.Deploy.0 = Release|x86
		{B5679C45-AA75-4C9C-B702-7760715264C5}.Ad-Hoc|iPhoneSimulator.ActiveCfg = Release|x86
		{B5679C45-AA75-4C9C-B702-7760715264C5}.Ad-Hoc|iPhoneSimulator.Build.0 = Release|x86
		{B5679C45-AA75-4C9C-B702-7760715264C5}.Ad-Hoc|iPhoneSimulator.Deploy.0 = Release|x86
		{B5679C45-AA75-4C9C-B702-7760715264C5}.Ad-Hoc|x64.ActiveCfg = Release|x64
		{B5679C45-AA75-4C9C-B702-7760715264C5}.Ad-Hoc|x64.Build.0 = Release|x64
		{B5679C45-AA75-4C9C-B702-7760715264C5}.Ad-Hoc|x64.Deploy.0 = Release|x64
		{B5679C45-AA75-4C9C-B702-7760715264C5}.Ad-Hoc|x86.ActiveCfg = Release|x86
		{B5679C45-AA75-4C9C-B702-7760715264C5}.Ad-Hoc|x86.Build.0 = Release|x86
		{B5679C45-AA75-4C9C-B702-7760715264C5}.Ad-Hoc|x86.Deploy.0 = Release|x86
		{B5679C45-AA75-4C9C-B702-7760715264C5}.AppStore|Any CPU.ActiveCfg = Release|x86
		{B5679C45-AA75-4C9C-B702-7760715264C5}.AppStore|Any CPU.Build.0 = Release|x86
		{B5679C45-AA75-4C9C-B702-7760715264C5}.AppStore|Any CPU.Deploy.0 = Release|x86
		{B5679C45-AA75-4C9C-B702-7760715264C5}.AppStore|ARM.ActiveCfg = Release|ARM
		{B5679C45-AA75-4C9C-B702-7760715264C5}.AppStore|ARM.Build.0 = Release|ARM
		{B5679C45-AA75-4C9C-B702-7760715264C5}.AppStore|ARM.Deploy.0 = Release|ARM
		{B5679C45-AA75-4C9C-B702-7760715264C5}.AppStore|iPhone.ActiveCfg = Release|x86
		{B5679C45-AA75-4C9C-B702-7760715264C5}.AppStore|iPhone.Build.0 = Release|x86
		{B5679C45-AA75-4C9C-B702-7760715264C5}.AppStore|iPhone.Deploy.0 = Release|x86
		{B5679C45-AA75-4C9C-B702-7760715264C5}.AppStore|iPhoneSimulator.ActiveCfg = Release|x86
		{B5679C45-AA75-4C9C-B702-7760715264C5}.AppStore|iPhoneSimulator.Build.0 = Release|x86
		{B5679C45-AA75-4C9C-B702-7760715264C5}.AppStore|iPhoneSimulator.Deploy.0 = Release|x86
		{B5679C45-AA75-4C9C-B702-7760715264C5}.AppStore|x64.ActiveCfg = Release|x64
		{B5679C45-AA75-4C9C-B702-7760715264C5}.AppStore|x64.Build.0 = Release|x64
		{B5679C45-AA75-4C9C-B702-7760715264C5}.AppStore|x64.Deploy.0 = Release|x64
		{B5679C45-AA75-4C9C-B702-7760715264C5}.AppStore|x86.ActiveCfg = Release|x86
		{B5679C45-AA75-4C9C-B702-7760715264C5}.AppStore|x86.Build.0 = Release|x86
		{B5679C45-AA75-4C9C-B702-7760715264C5}.AppStore|x86.Deploy.0 = Release|x86
		{B5679C45-AA75-4C9C-B702-7760715264C5}.Debug|Any CPU.ActiveCfg = Debug|x86
		{B5679C45-AA75-4C9C-B702-7760715264C5}.Debug|ARM.ActiveCfg = Debug|ARM
		{B5679C45-AA75-4C9C-B702-7760715264C5}.Debug|ARM.Build.0 = Debug|ARM
		{B5679C45-AA75-4C9C-B702-7760715264C5}.Debug|ARM.Deploy.0 = Debug|ARM
		{B5679C45-AA75-4C9C-B702-7760715264C5}.Debug|iPhone.ActiveCfg = Debug|x86
		{B5679C45-AA75-4C9C-B702-7760715264C5}.Debug|iPhoneSimulator.ActiveCfg = Debug|x86
		{B5679C45-AA75-4C9C-B702-7760715264C5}.Debug|x64.ActiveCfg = Debug|x64
		{B5679C45-AA75-4C9C-B702-7760715264C5}.Debug|x64.Build.0 = Debug|x64
		{B5679C45-AA75-4C9C-B702-7760715264C5}.Debug|x64.Deploy.0 = Debug|x64
		{B5679C45-AA75-4C9C-B702-7760715264C5}.Debug|x86.ActiveCfg = Debug|x86
		{B5679C45-AA75-4C9C-B702-7760715264C5}.Debug|x86.Build.0 = Debug|x86
		{B5679C45-AA75-4C9C-B702-7760715264C5}.Debug|x86.Deploy.0 = Debug|x86
		{B5679C45-AA75-4C9C-B702-7760715264C5}.Release|Any CPU.ActiveCfg = Release|x86
		{B5679C45-AA75-4C9C-B702-7760715264C5}.Release|ARM.ActiveCfg = Release|ARM
		{B5679C45-AA75-4C9C-B702-7760715264C5}.Release|ARM.Build.0 = Release|ARM
		{B5679C45-AA75-4C9C-B702-7760715264C5}.Release|ARM.Deploy.0 = Release|ARM
		{B5679C45-AA75-4C9C-B702-7760715264C5}.Release|iPhone.ActiveCfg = Release|x86
		{B5679C45-AA75-4C9C-B702-7760715264C5}.Release|iPhoneSimulator.ActiveCfg = Release|x86
		{B5679C45-AA75-4C9C-B702-7760715264C5}.Release|x64.ActiveCfg = Release|x64
		{B5679C45-AA75-4C9C-B702-7760715264C5}.Release|x64.Build.0 = Release|x64
		{B5679C45-AA75-4C9C-B702-7760715264C5}.Release|x64.Deploy.0 = Release|x64
		{B5679C45-AA75-4C9C-B702-7760715264C5}.Release|x86.ActiveCfg = Release|x86
		{B5679C45-AA75-4C9C-B702-7760715264C5}.Release|x86.Build.0 = Release|x86
		{B5679C45-AA75-4C9C-B702-7760715264C5}.Release|x86.Deploy.0 = Release|x86
		{087CBA4A-62B8-4849-B13F-E44108EE6886}.Ad-Hoc|Any CPU.ActiveCfg = Ad-Hoc|iPhoneSimulator
		{087CBA4A-62B8-4849-B13F-E44108EE6886}.Ad-Hoc|ARM.ActiveCfg = Ad-Hoc|iPhone
		{087CBA4A-62B8-4849-B13F-E44108EE6886}.Ad-Hoc|iPhone.ActiveCfg = Ad-Hoc|iPhone
		{087CBA4A-62B8-4849-B13F-E44108EE6886}.Ad-Hoc|iPhone.Build.0 = Ad-Hoc|iPhone
		{087CBA4A-62B8-4849-B13F-E44108EE6886}.Ad-Hoc|iPhoneSimulator.ActiveCfg = Ad-Hoc|iPhoneSimulator
		{087CBA4A-62B8-4849-B13F-E44108EE6886}.Ad-Hoc|iPhoneSimulator.Build.0 = Ad-Hoc|iPhoneSimulator
		{087CBA4A-62B8-4849-B13F-E44108EE6886}.Ad-Hoc|x64.ActiveCfg = Ad-Hoc|iPhone
		{087CBA4A-62B8-4849-B13F-E44108EE6886}.Ad-Hoc|x86.ActiveCfg = Ad-Hoc|iPhone
		{087CBA4A-62B8-4849-B13F-E44108EE6886}.AppStore|Any CPU.ActiveCfg = AppStore|iPhoneSimulator
		{087CBA4A-62B8-4849-B13F-E44108EE6886}.AppStore|ARM.ActiveCfg = AppStore|iPhone
		{087CBA4A-62B8-4849-B13F-E44108EE6886}.AppStore|iPhone.ActiveCfg = AppStore|iPhone
		{087CBA4A-62B8-4849-B13F-E44108EE6886}.AppStore|iPhone.Build.0 = AppStore|iPhone
		{087CBA4A-62B8-4849-B13F-E44108EE6886}.AppStore|iPhoneSimulator.ActiveCfg = AppStore|iPhoneSimulator
		{087CBA4A-62B8-4849-B13F-E44108EE6886}.AppStore|iPhoneSimulator.Build.0 = AppStore|iPhoneSimulator
		{087CBA4A-62B8-4849-B13F-E44108EE6886}.AppStore|x64.ActiveCfg = AppStore|iPhone
		{087CBA4A-62B8-4849-B13F-E44108EE6886}.AppStore|x86.ActiveCfg = AppStore|iPhone
		{087CBA4A-62B8-4849-B13F-E44108EE6886}.Debug|Any CPU.ActiveCfg = Debug|iPhoneSimulator
		{087CBA4A-62B8-4849-B13F-E44108EE6886}.Debug|ARM.ActiveCfg = Debug|iPhone
		{087CBA4A-62B8-4849-B13F-E44108EE6886}.Debug|iPhone.ActiveCfg = Debug|iPhone
		{087CBA4A-62B8-4849-B13F-E44108EE6886}.Debug|iPhone.Build.0 = Debug|iPhone
		{087CBA4A-62B8-4849-B13F-E44108EE6886}.Debug|iPhoneSimulator.ActiveCfg = Debug|iPhoneSimulator
		{087CBA4A-62B8-4849-B13F-E44108EE6886}.Debug|iPhoneSimulator.Build.0 = Debug|iPhoneSimulator
		{087CBA4A-62B8-4849-B13F-E44108EE6886}.Debug|x64.ActiveCfg = Debug|iPhone
		{087CBA4A-62B8-4849-B13F-E44108EE6886}.Debug|x86.ActiveCfg = Debug|iPhone
		{087CBA4A-62B8-4849-B13F-E44108EE6886}.Release|Any CPU.ActiveCfg = Release|iPhoneSimulator
		{087CBA4A-62B8-4849-B13F-E44108EE6886}.Release|ARM.ActiveCfg = Release|iPhone
		{087CBA4A-62B8-4849-B13F-E44108EE6886}.Release|iPhone.ActiveCfg = Release|iPhone
		{087CBA4A-62B8-4849-B13F-E44108EE6886}.Release|iPhone.Build.0 = Release|iPhone
		{087CBA4A-62B8-4849-B13F-E44108EE6886}.Release|iPhoneSimulator.ActiveCfg = Release|iPhoneSimulator
		{087CBA4A-62B8-4849-B13F-E44108EE6886}.Release|iPhoneSimulator.Build.0 = Release|iPhoneSimulator
		{087CBA4A-62B8-4849-B13F-E44108EE6886}.Release|x64.ActiveCfg = Release|iPhone
		{087CBA4A-62B8-4849-B13F-E44108EE6886}.Release|x86.ActiveCfg = Release|iPhone
	EndGlobalSection
	GlobalSection(SolutionProperties) = preSolution
		HideSolutionNode = FALSE
	EndGlobalSection
	GlobalSection(ExtensibilityGlobals) = postSolution
		SolutionGuid = {4B64D0B7-A468-4494-9902-CC6F86C69A99}
	EndGlobalSection
EndGlobal
